
Microsoft Visual Studio Solution File, Format Version 12.00
# Visual Studio Version 17
VisualStudioVersion = 17.10.35013.160
MinimumVisualStudioVersion = 10.0.40219.1
Project("{FAE04EC0-301F-11D3-BF4B-00C04F79EFBC}") = "DemoFuncApp", "DemoFuncApp.csproj", "{30997597-C5DF-407F-B01C-9F42A9B215C6}"
EndProject
Global
	GlobalSection(SolutionConfigurationPlatforms) = preSolution
		Debug|Any CPU = Debug|Any CPU
		Release|Any CPU = Release|Any CPU
	EndGlobalSection
	GlobalSection(ProjectConfigurationPlatforms) = postSolution
		{30997597-C5DF-407F-B01C-9F42A9B215C6}.Debug|Any CPU.ActiveCfg = Debug|Any CPU
		{30997597-C5DF-407F-B01C-9F42A9B215C6}.Debug|Any CPU.Build.0 = Debug|Any CPU
		{30997597-C5DF-407F-B01C-9F42A9B215C6}.Release|Any CPU.ActiveCfg = Release|Any CPU
		{30997597-C5DF-407F-B01C-9F42A9B215C6}.Release|Any CPU.Build.0 = Release|Any CPU
	EndGlobalSection
	GlobalSection(SolutionProperties) = preSolution
		HideSolutionNode = FALSE
	EndGlobalSection
	GlobalSection(ExtensibilityGlobals) = postSolution
		SolutionGuid = {805AD45C-A4BB-4CEC-A50C-9FB45B20D478}
	EndGlobalSection
EndGlobal
